<Solution>
  <Folder Name="/src/">
    <Project Path="src/SignalFish.Client/SignalFish.Client.csproj" />
  </Folder>
  <Folder Name="/tests/">
    <Project Path="tests/SignalFish.Client.Tests/SignalFish.Client.Tests.csproj" />
    <Project Path="tests/SignalFish.Client.PerfTests/SignalFish.Client.PerfTests.csproj" />
    <Project Path="tests/SignalFish.Client.FuzzTests/SignalFish.Client.FuzzTests.csproj" />
  </Folder>
</Solution>
